
Microsoft Visual Studio Solution File, Format Version 12.00
# Visual Studio Version 16
VisualStudioVersion = 16.0.30406.217
MinimumVisualStudioVersion = 10.0.40219.1
Project("{2150E333-8FDC-42A3-9474-1A3956D46DE8}") = "MicroServices", "MicroServices", "{7448751C-5058-4F82-950E-FB5AA43021E0}"
EndProject
Project("{2150E333-8FDC-42A3-9474-1A3956D46DE8}") = "Security", "Security", "{813E5AA8-9B12-45B7-A7F9-8F0B402770E7}"
EndProject
Project("{2150E333-8FDC-42A3-9474-1A3956D46DE8}") = "Business", "Business", "{D1C5F724-DB9F-485B-8BD0-EF0801728896}"
EndProject
Project("{9A19103F-16F7-4668-BE54-9A1E7A4F7556}") = "BusinessUnity01_5000", "BusinessUnity01\BusinessUnity01_5000.csproj", "{5EA9F1F9-3975-483E-AC36-19A034908D59}"
EndProject
Project("{9A19103F-16F7-4668-BE54-9A1E7A4F7556}") = "AuthenticationService_5010", "Authentication\AuthenticationService_5010.csproj", "{B4431141-AA8E-4F04-9DD0-E63159EDB65B}"
EndProject
Project("{2150E333-8FDC-42A3-9474-1A3956D46DE8}") = "Model", "Model", "{5E854D2E-C486-4777-B274-6E778F2B9321}"
EndProject
Project("{2150E333-8FDC-42A3-9474-1A3956D46DE8}") = "Model", "Model", "{355F2742-C3E4-40BD-9556-044DEA27EBCA}"
EndProject
Project("{9A19103F-16F7-4668-BE54-9A1E7A4F7556}") = "Model", "Model\Model.csproj", "{5946D186-07F8-4ECF-80AC-E17550C1FF82}"
EndProject
Project("{2150E333-8FDC-42A3-9474-1A3956D46DE8}") = "Core", "Core", "{E15CB282-8A89-4532-8A5B-0A4F4408521B}"
EndProject
Project("{9A19103F-16F7-4668-BE54-9A1E7A4F7556}") = "Core", "TravelUtilities\Core.csproj", "{92A8A08A-A756-4A7D-AC54-AFE0C367772A}"
EndProject
Project("{2150E333-8FDC-42A3-9474-1A3956D46DE8}") = "Base", "Base", "{C2CF47C0-E6C3-47DA-B9D7-72E474A3CA1B}"
EndProject
Project("{9A19103F-16F7-4668-BE54-9A1E7A4F7556}") = "BaseMicroServiceControllers", "TravelBaseControllers\BaseMicroServiceControllers.csproj", "{3D4F29FC-9A58-4AA6-8C34-4AC2CA18E3BC}"
EndProject
Project("{2150E333-8FDC-42A3-9474-1A3956D46DE8}") = "Views", "Views", "{FFF8072F-E5E2-4A3E-B980-EF0A75A8E337}"
EndProject
Project("{9A19103F-16F7-4668-BE54-9A1E7A4F7556}") = "TravelFrontEnd_10443", "TravelFrontEnd\TravelFrontEnd_10443.csproj", "{9FA7CB2C-774C-43D5-AE7E-F16FAF1F0233}"
EndProject
Project("{2150E333-8FDC-42A3-9474-1A3956D46DE8}") = "Domain", "Domain", "{CF4A988E-A854-4F68-AF65-5A7E654ED4E4}"
EndProject
Project("{FAE04EC0-301F-11D3-BF4B-00C04F79EFBC}") = "Dummy", "Dummy\Dummy.csproj", "{1A8277BD-7E3A-4E8D-80C2-FAF1446981CD}"
EndProject
Global
	GlobalSection(SolutionConfigurationPlatforms) = preSolution
		Debug|Any CPU = Debug|Any CPU
		Release|Any CPU = Release|Any CPU
	EndGlobalSection
	GlobalSection(ProjectConfigurationPlatforms) = postSolution
		{5EA9F1F9-3975-483E-AC36-19A034908D59}.Debug|Any CPU.ActiveCfg = Debug|Any CPU
		{5EA9F1F9-3975-483E-AC36-19A034908D59}.Debug|Any CPU.Build.0 = Debug|Any CPU
		{5EA9F1F9-3975-483E-AC36-19A034908D59}.Release|Any CPU.ActiveCfg = Release|Any CPU
		{5EA9F1F9-3975-483E-AC36-19A034908D59}.Release|Any CPU.Build.0 = Release|Any CPU
		{B4431141-AA8E-4F04-9DD0-E63159EDB65B}.Debug|Any CPU.ActiveCfg = Debug|Any CPU
		{B4431141-AA8E-4F04-9DD0-E63159EDB65B}.Debug|Any CPU.Build.0 = Debug|Any CPU
		{B4431141-AA8E-4F04-9DD0-E63159EDB65B}.Release|Any CPU.ActiveCfg = Release|Any CPU
		{B4431141-AA8E-4F04-9DD0-E63159EDB65B}.Release|Any CPU.Build.0 = Release|Any CPU
		{5946D186-07F8-4ECF-80AC-E17550C1FF82}.Debug|Any CPU.ActiveCfg = Debug|Any CPU
		{5946D186-07F8-4ECF-80AC-E17550C1FF82}.Debug|Any CPU.Build.0 = Debug|Any CPU
		{5946D186-07F8-4ECF-80AC-E17550C1FF82}.Release|Any CPU.ActiveCfg = Release|Any CPU
		{5946D186-07F8-4ECF-80AC-E17550C1FF82}.Release|Any CPU.Build.0 = Release|Any CPU
		{92A8A08A-A756-4A7D-AC54-AFE0C367772A}.Debug|Any CPU.ActiveCfg = Debug|Any CPU
		{92A8A08A-A756-4A7D-AC54-AFE0C367772A}.Debug|Any CPU.Build.0 = Debug|Any CPU
		{92A8A08A-A756-4A7D-AC54-AFE0C367772A}.Release|Any CPU.ActiveCfg = Release|Any CPU
		{92A8A08A-A756-4A7D-AC54-AFE0C367772A}.Release|Any CPU.Build.0 = Release|Any CPU
		{3D4F29FC-9A58-4AA6-8C34-4AC2CA18E3BC}.Debug|Any CPU.ActiveCfg = Debug|Any CPU
		{3D4F29FC-9A58-4AA6-8C34-4AC2CA18E3BC}.Debug|Any CPU.Build.0 = Debug|Any CPU
		{3D4F29FC-9A58-4AA6-8C34-4AC2CA18E3BC}.Release|Any CPU.ActiveCfg = Release|Any CPU
		{3D4F29FC-9A58-4AA6-8C34-4AC2CA18E3BC}.Release|Any CPU.Build.0 = Release|Any CPU
		{9FA7CB2C-774C-43D5-AE7E-F16FAF1F0233}.Debug|Any CPU.ActiveCfg = Debug|Any CPU
		{9FA7CB2C-774C-43D5-AE7E-F16FAF1F0233}.Debug|Any CPU.Build.0 = Debug|Any CPU
		{9FA7CB2C-774C-43D5-AE7E-F16FAF1F0233}.Release|Any CPU.ActiveCfg = Release|Any CPU
		{9FA7CB2C-774C-43D5-AE7E-F16FAF1F0233}.Release|Any CPU.Build.0 = Release|Any CPU
		{1A8277BD-7E3A-4E8D-80C2-FAF1446981CD}.Debug|Any CPU.ActiveCfg = Debug|Any CPU
		{1A8277BD-7E3A-4E8D-80C2-FAF1446981CD}.Debug|Any CPU.Build.0 = Debug|Any CPU
		{1A8277BD-7E3A-4E8D-80C2-FAF1446981CD}.Release|Any CPU.ActiveCfg = Release|Any CPU
		{1A8277BD-7E3A-4E8D-80C2-FAF1446981CD}.Release|Any CPU.Build.0 = Release|Any CPU
	EndGlobalSection
	GlobalSection(SolutionProperties) = preSolution
		HideSolutionNode = FALSE
	EndGlobalSection
	GlobalSection(NestedProjects) = preSolution
		{813E5AA8-9B12-45B7-A7F9-8F0B402770E7} = {CF4A988E-A854-4F68-AF65-5A7E654ED4E4}
		{D1C5F724-DB9F-485B-8BD0-EF0801728896} = {CF4A988E-A854-4F68-AF65-5A7E654ED4E4}
		{5EA9F1F9-3975-483E-AC36-19A034908D59} = {D1C5F724-DB9F-485B-8BD0-EF0801728896}
		{B4431141-AA8E-4F04-9DD0-E63159EDB65B} = {813E5AA8-9B12-45B7-A7F9-8F0B402770E7}
		{355F2742-C3E4-40BD-9556-044DEA27EBCA} = {5E854D2E-C486-4777-B274-6E778F2B9321}
		{5946D186-07F8-4ECF-80AC-E17550C1FF82} = {355F2742-C3E4-40BD-9556-044DEA27EBCA}
		{92A8A08A-A756-4A7D-AC54-AFE0C367772A} = {E15CB282-8A89-4532-8A5B-0A4F4408521B}
		{C2CF47C0-E6C3-47DA-B9D7-72E474A3CA1B} = {7448751C-5058-4F82-950E-FB5AA43021E0}
		{3D4F29FC-9A58-4AA6-8C34-4AC2CA18E3BC} = {C2CF47C0-E6C3-47DA-B9D7-72E474A3CA1B}
		{9FA7CB2C-774C-43D5-AE7E-F16FAF1F0233} = {FFF8072F-E5E2-4A3E-B980-EF0A75A8E337}
		{CF4A988E-A854-4F68-AF65-5A7E654ED4E4} = {7448751C-5058-4F82-950E-FB5AA43021E0}
		{1A8277BD-7E3A-4E8D-80C2-FAF1446981CD} = {FFF8072F-E5E2-4A3E-B980-EF0A75A8E337}
	EndGlobalSection
	GlobalSection(ExtensibilityGlobals) = postSolution
		SolutionGuid = {7918AC02-00AA-4770-BDF4-32EEA10FAFF0}
	EndGlobalSection
EndGlobal
